{
  "version": 1,
  "dependencies": {
    "net9.0": {
      "Alchyr.Sts2.BaseLib": {
        "type": "Direct",
        "requested": "[3.3.2, )",
        "resolved": "3.3.2",
        "contentHash": "JrHKY63g3DyPLOxEjSvA7DAKoHVLaJEwutK6ZssGK8ndreXOoZhb5ZZAUlASeDM2+Vdxqu3cq5r3RLouuc+Swg=="
      },
      "Alchyr.Sts2.ModAnalyzers": {
        "type": "Direct",
        "requested": "[0.1.9, )",
        "resolved": "0.1.9",
        "contentHash": "teENiNx0cUVhjLevWBsdZfvhnipwyD6tz3ibFD0s+1b10ABC2dWErjXZS0q5ei3RCe+5PWkwLaBdO3+mHjkykw=="
      },
      "BSchneppe.StS2.PckPacker": {
        "type": "Direct",
        "requested": "[0.1.1, )",
        "resolved": "0.1.1",
        "contentHash": "2P+D16glmz7OZ3zbQYOoIuQGNnJgOjfPq55nzZRl/WiEE2xNvF0vexAuVrr56/laOL5cP0BUZEdvRZJSdBQ5ug=="
      },
      "Godot.SourceGenerators": {
        "type": "Direct",
        "requested": "[4.5.1, )",
        "resolved": "4.5.1",
        "contentHash": "HOHYJQO5A/kzf5CUobeTPOX+JawSvjkDE0v/Fyo4EMYEC2MvCTGUvpJFjqQQmHYLNsiiB7RLVilcnup+jiVfdA=="
      },
      "GodotSharp": {
        "type": "Direct",
        "requested": "[4.5.1, )",
        "resolved": "4.5.1",
        "contentHash": "5CFnEHT+FByv5desNHMipz/209SCrWR9CGWFZjGHnXupl1Rw8U8q4nf65/unqZVL97Rx+3J5hskPMoDGaiZL9g=="
      },
      "Krafs.Publicizer": {
        "type": "Direct",
        "requested": "[2.3.0, )",
        "resolved": "2.3.0",
        "contentHash": "DjktTgctwxUMhMkWKrRECer3LR1lHzanCOlE4mpinAiY8SfWJq4DG/QitP5h1A+WBjyWHzQSOG+204i3VpO1FA=="
      }
    }
  }
}
